
Microsoft Visual Studio Solution File, Format Version 12.00
# Visual Studio Version 16
VisualStudioVersion = 16.0.31205.134
MinimumVisualStudioVersion = 10.0.40219.1
Project("{FAE04EC0-301F-11D3-BF4B-00C04F79EFBC}") = "teste-gft-ex2", "teste-gft-ex2\teste-gft-ex2.csproj", "{A5039E9D-5357-48B4-91CC-485DBCBE29DA}"
EndProject
Global
	GlobalSection(SolutionConfigurationPlatforms) = preSolution
		Debug|Any CPU = Debug|Any CPU
		Release|Any CPU = Release|Any CPU
	EndGlobalSection
	GlobalSection(ProjectConfigurationPlatforms) = postSolution
		{A5039E9D-5357-48B4-91CC-485DBCBE29DA}.Debug|Any CPU.ActiveCfg = Debug|Any CPU
		{A5039E9D-5357-48B4-91CC-485DBCBE29DA}.Debug|Any CPU.Build.0 = Debug|Any CPU
		{A5039E9D-5357-48B4-91CC-485DBCBE29DA}.Release|Any CPU.ActiveCfg = Release|Any CPU
		{A5039E9D-5357-48B4-91CC-485DBCBE29DA}.Release|Any CPU.Build.0 = Release|Any CPU
	EndGlobalSection
	GlobalSection(SolutionProperties) = preSolution
		HideSolutionNode = FALSE
	EndGlobalSection
	GlobalSection(ExtensibilityGlobals) = postSolution
		SolutionGuid = {BDCA5625-7994-4E0F-921A-329FDF7DA75B}
	EndGlobalSection
EndGlobal
